{
  "originHash" : "02cf802940e8ee0be8234ecb9212ed0bde963c0a8eba31989155def6c006b836",
  "pins" : [
    {
      "identity" : "eventsource",
      "kind" : "remoteSourceControl",
      "location" : "https://github.com/loopwork-ai/eventsource.git",
      "state" : {
        "revision" : "07957602bb99a5355c810187e66e6ce378a1057d",
        "version" : "1.1.1"
      }
    },
    {
      "identity" : "scrobblekit",
      "kind" : "remoteSourceControl",
      "location" : "https://github.com/tfmart/ScrobbleKit",
      "state" : {
        "branch" : "sendable",
        "revision" : "e6bd3a0e922ac6be81098fe501fe20adf73f385d"
      }
    },
    {
      "identity" : "swift-log",
      "kind" : "remoteSourceControl",
      "location" : "https://github.com/apple/swift-log.git",
      "state" : {
        "revision" : "3d8596ed08bd13520157f0355e35caed215ffbfa",
        "version" : "1.6.3"
      }
    },
    {
      "identity" : "swift-sdk",
      "kind" : "remoteSourceControl",
      "location" : "https://github.com/modelcontextprotocol/swift-sdk",
      "state" : {
        "revision" : "266c02d2d13421a2aa95cc4018d6d466084fa7e7",
        "version" : "0.8.2"
      }
    },
    {
      "identity" : "swift-system",
      "kind" : "remoteSourceControl",
      "location" : "https://github.com/apple/swift-system.git",
      "state" : {
        "revision" : "a34201439c74b53f0fd71ef11741af7e7caf01e1",
        "version" : "1.4.2"
      }
    },
    {
      "identity" : "swifter",
      "kind" : "remoteSourceControl",
      "location" : "https://github.com/httpswift/swifter.git",
      "state" : {
        "revision" : "9483a5d459b45c3ffd059f7b55f9638e268632fd",
        "version" : "1.5.0"
      }
    }
  ],
  "version" : 3
}
